
Microsoft Visual Studio Solution File, Format Version 12.00
# Visual Studio Version 17
VisualStudioVersion = 17.14.36327.8
MinimumVisualStudioVersion = 10.0.40219.1
Project("{FAE04EC0-301F-11D3-BF4B-00C04F79EFBC}") = "RealtimeAuction.API", "RealtimeAuction.API\RealtimeAuction.API.csproj", "{B1267A1B-8F67-4318-A226-926EF9081080}"
EndProject
Project("{2150E333-8FDC-42A3-9474-1A3956D46DE8}") = "Solution Items", "Solution Items", "{D97A662B-C344-4ED6-A99D-0CEEAB0E7E3A}"
	ProjectSection(SolutionItems) = preProject
		compose.yaml = compose.yaml
	EndProjectSection
EndProject
Project("{FAE04EC0-301F-11D3-BF4B-00C04F79EFBC}") = "RealtimeAuction.Domain", "RealtimeAuction.Domain\RealtimeAuction.Domain.csproj", "{AE2F2450-55C7-4B18-8B21-D6502202942F}"
EndProject
Project("{FAE04EC0-301F-11D3-BF4B-00C04F79EFBC}") = "RealtimeAuction.Exceptions", "RealtimeAuction.Exceptions\RealtimeAuction.Exceptions.csproj", "{99A9D0B2-3D02-4228-BCAA-AA8E7C521961}"
EndProject
Project("{FAE04EC0-301F-11D3-BF4B-00C04F79EFBC}") = "RealtimeAuction.Infrastructure", "RealtimeAuction.Infrastructure\RealtimeAuction.Infrastructure.csproj", "{4C513FE9-EE4F-46AB-A958-B2D3EFC2D85D}"
EndProject
Project("{FAE04EC0-301F-11D3-BF4B-00C04F79EFBC}") = "RealtimeAuction.Application", "RealtimeAuction.Application\RealtimeAuction.Application.csproj", "{01F1C1BE-129D-463D-A8E3-AE72FE1FE16F}"
EndProject
Project("{FAE04EC0-301F-11D3-BF4B-00C04F79EFBC}") = "RealtimeAuction.UnitTests", "RealtimeAuction.UnitTests\RealtimeAuction.UnitTests.csproj", "{B8F04A0F-6E25-4CB1-ACE4-C82D2DCB1401}"
EndProject
Global
	GlobalSection(SolutionConfigurationPlatforms) = preSolution
		Debug|Any CPU = Debug|Any CPU
		Release|Any CPU = Release|Any CPU
	EndGlobalSection
	GlobalSection(ProjectConfigurationPlatforms) = postSolution
		{B1267A1B-8F67-4318-A226-926EF9081080}.Debug|Any CPU.ActiveCfg = Debug|Any CPU
		{B1267A1B-8F67-4318-A226-926EF9081080}.Debug|Any CPU.Build.0 = Debug|Any CPU
		{B1267A1B-8F67-4318-A226-926EF9081080}.Release|Any CPU.ActiveCfg = Release|Any CPU
		{B1267A1B-8F67-4318-A226-926EF9081080}.Release|Any CPU.Build.0 = Release|Any CPU
		{AE2F2450-55C7-4B18-8B21-D6502202942F}.Debug|Any CPU.ActiveCfg = Debug|Any CPU
		{AE2F2450-55C7-4B18-8B21-D6502202942F}.Debug|Any CPU.Build.0 = Debug|Any CPU
		{AE2F2450-55C7-4B18-8B21-D6502202942F}.Release|Any CPU.ActiveCfg = Release|Any CPU
		{AE2F2450-55C7-4B18-8B21-D6502202942F}.Release|Any CPU.Build.0 = Release|Any CPU
		{99A9D0B2-3D02-4228-BCAA-AA8E7C521961}.Debug|Any CPU.ActiveCfg = Debug|Any CPU
		{99A9D0B2-3D02-4228-BCAA-AA8E7C521961}.Debug|Any CPU.Build.0 = Debug|Any CPU
		{99A9D0B2-3D02-4228-BCAA-AA8E7C521961}.Release|Any CPU.ActiveCfg = Release|Any CPU
		{99A9D0B2-3D02-4228-BCAA-AA8E7C521961}.Release|Any CPU.Build.0 = Release|Any CPU
		{4C513FE9-EE4F-46AB-A958-B2D3EFC2D85D}.Debug|Any CPU.ActiveCfg = Debug|Any CPU
		{4C513FE9-EE4F-46AB-A958-B2D3EFC2D85D}.Debug|Any CPU.Build.0 = Debug|Any CPU
		{4C513FE9-EE4F-46AB-A958-B2D3EFC2D85D}.Release|Any CPU.ActiveCfg = Release|Any CPU
		{4C513FE9-EE4F-46AB-A958-B2D3EFC2D85D}.Release|Any CPU.Build.0 = Release|Any CPU
		{01F1C1BE-129D-463D-A8E3-AE72FE1FE16F}.Debug|Any CPU.ActiveCfg = Debug|Any CPU
		{01F1C1BE-129D-463D-A8E3-AE72FE1FE16F}.Debug|Any CPU.Build.0 = Debug|Any CPU
		{01F1C1BE-129D-463D-A8E3-AE72FE1FE16F}.Release|Any CPU.ActiveCfg = Release|Any CPU
		{01F1C1BE-129D-463D-A8E3-AE72FE1FE16F}.Release|Any CPU.Build.0 = Release|Any CPU
		{B8F04A0F-6E25-4CB1-ACE4-C82D2DCB1401}.Debug|Any CPU.ActiveCfg = Debug|Any CPU
		{B8F04A0F-6E25-4CB1-ACE4-C82D2DCB1401}.Debug|Any CPU.Build.0 = Debug|Any CPU
		{B8F04A0F-6E25-4CB1-ACE4-C82D2DCB1401}.Release|Any CPU.ActiveCfg = Release|Any CPU
		{B8F04A0F-6E25-4CB1-ACE4-C82D2DCB1401}.Release|Any CPU.Build.0 = Release|Any CPU
	EndGlobalSection
	GlobalSection(SolutionProperties) = preSolution
		HideSolutionNode = FALSE
	EndGlobalSection
	GlobalSection(ExtensibilityGlobals) = postSolution
		SolutionGuid = {9C406076-A26C-42A6-AAE4-F9206C6660DA}
	EndGlobalSection
EndGlobal
